{
    "pid":  9532,
    "runner_pid":  9532,
    "host":  "CAGDAS",
    "repo_root":  "C:\\AAYS_WT\\AAYS_REPAIR_20260706_1738",
    "repo_full_name":  "cagdascagdas100/chat_gpt_clone_1",
    "main_branch":  "main",
    "work_root":  "C:\\AAYS_WT",
    "acquired_at":  "2026-07-06T15:07:39.0611056Z",
    "updated_at":  "2026-07-06T15:07:39.0611056Z",
    "runner_mode":  "single_shared_runner",
    "runner_version":  "v5_20260706",
    "lock_schema":  "single_runner_v5_20260706"
}
