{
    "pid":  10108,
    "runner":  "RUN_AAYS_STABLE_LEGACY_RUNNER_DAEMON_20260707",
    "scan_runner":  "RUN_SINGLE_AAYS_MULTI_PAGE_QUEUE_RUNNER_STABLE_20260707",
    "repo_root":  "F:\\TerraYield_AAYS_Portable\\runner_system\\AAYS_WT\\AAYS_RUNNER_HEALTHY_20260707",
    "branch":  "codex/aays-single-runner-v5-20260706",
    "started_at":  "2026-07-09T21:25:46.2912574Z",
    "updated_at":  "2026-07-09T21:25:46.3071327Z",
    "final_ready":  false
}
